
Microsoft Visual Studio Solution File, Format Version 12.00
# Visual Studio 15
VisualStudioVersion = 15.0.28307.136
MinimumVisualStudioVersion = 10.0.40219.1
Project("{2150E333-8FDC-42A3-9474-1A3956D46DE8}") = "src", "src", "{8CC7B7B0-28DE-401D-870C-B52BB888D0FF}"
EndProject
Project("{2150E333-8FDC-42A3-9474-1A3956D46DE8}") = "Web", "Web", "{1DF59DC5-FD79-4A26-936A-72495D26C68A}"
EndProject
Project("{9A19103F-16F7-4668-BE54-9A1E7A4F7556}") = "Voter.Web", "src\Web\Voter.Web\Voter.Web.csproj", "{34B3099E-5755-45AB-83CB-2D36EFF575EE}"
EndProject
Project("{E53339B2-1760-4266-BCC7-CA923CBCF16C}") = "docker-compose", "docker-compose.dcproj", "{1C65A9AD-DEC5-4339-9027-78F2994834C4}"
EndProject
Project("{2150E333-8FDC-42A3-9474-1A3956D46DE8}") = "Services", "Services", "{7FD9A6A3-4DBF-445D-B046-E28BB655080F}"
EndProject
Project("{9A19103F-16F7-4668-BE54-9A1E7A4F7556}") = "Voter.Services.UserAPI", "src\Services\Voter.Services.UserAPI\Voter.Services.UserAPI.csproj", "{5067CE82-9490-47C6-A5F1-0E840AD06ADA}"
EndProject
Project("{151D2E53-A2C4-4D7D-83FE-D05416EBD58E}") = "AzureResourceGroup1", "..\AzureResourceGroup1\AzureResourceGroup1.deployproj", "{AADEEDC0-ADF6-4D8A-9AE9-6D2F838B75F6}"
EndProject
Project("{2150E333-8FDC-42A3-9474-1A3956D46DE8}") = "Yml", "Yml", "{BAEE820C-E419-41FE-BDC5-316C6EC431BC}"
	ProjectSection(SolutionItems) = preProject
		load-balancer.yml = load-balancer.yml
		user-api.yml = user-api.yml
		web-app.yml = web-app.yml
	EndProjectSection
EndProject
Project("{2150E333-8FDC-42A3-9474-1A3956D46DE8}") = "deployment", "deployment", "{1EB4502F-23FE-415F-BEB3-002EF6FCA649}"
EndProject
Project("{2150E333-8FDC-42A3-9474-1A3956D46DE8}") = "infastructure", "infastructure", "{6859388A-0125-4A20-BCB1-36E89AE9FD3A}"
EndProject
Project("{151D2E53-A2C4-4D7D-83FE-D05416EBD58E}") = "AzureResourceDeployment", "deployment\infastructure\AzureResourceDeployment\AzureResourceDeployment.deployproj", "{AED3A160-AC83-4EEB-9374-9261F02BF6F1}"
EndProject
Global
	GlobalSection(SolutionConfigurationPlatforms) = preSolution
		Debug|Any CPU = Debug|Any CPU
		Release|Any CPU = Release|Any CPU
	EndGlobalSection
	GlobalSection(ProjectConfigurationPlatforms) = postSolution
		{34B3099E-5755-45AB-83CB-2D36EFF575EE}.Debug|Any CPU.ActiveCfg = Debug|Any CPU
		{34B3099E-5755-45AB-83CB-2D36EFF575EE}.Debug|Any CPU.Build.0 = Debug|Any CPU
		{34B3099E-5755-45AB-83CB-2D36EFF575EE}.Release|Any CPU.ActiveCfg = Release|Any CPU
		{34B3099E-5755-45AB-83CB-2D36EFF575EE}.Release|Any CPU.Build.0 = Release|Any CPU
		{1C65A9AD-DEC5-4339-9027-78F2994834C4}.Debug|Any CPU.ActiveCfg = Debug|Any CPU
		{1C65A9AD-DEC5-4339-9027-78F2994834C4}.Debug|Any CPU.Build.0 = Debug|Any CPU
		{1C65A9AD-DEC5-4339-9027-78F2994834C4}.Release|Any CPU.ActiveCfg = Release|Any CPU
		{1C65A9AD-DEC5-4339-9027-78F2994834C4}.Release|Any CPU.Build.0 = Release|Any CPU
		{5067CE82-9490-47C6-A5F1-0E840AD06ADA}.Debug|Any CPU.ActiveCfg = Debug|Any CPU
		{5067CE82-9490-47C6-A5F1-0E840AD06ADA}.Debug|Any CPU.Build.0 = Debug|Any CPU
		{5067CE82-9490-47C6-A5F1-0E840AD06ADA}.Release|Any CPU.ActiveCfg = Release|Any CPU
		{5067CE82-9490-47C6-A5F1-0E840AD06ADA}.Release|Any CPU.Build.0 = Release|Any CPU
		{AADEEDC0-ADF6-4D8A-9AE9-6D2F838B75F6}.Debug|Any CPU.ActiveCfg = Debug|Any CPU
		{AADEEDC0-ADF6-4D8A-9AE9-6D2F838B75F6}.Debug|Any CPU.Build.0 = Debug|Any CPU
		{AADEEDC0-ADF6-4D8A-9AE9-6D2F838B75F6}.Release|Any CPU.ActiveCfg = Release|Any CPU
		{AADEEDC0-ADF6-4D8A-9AE9-6D2F838B75F6}.Release|Any CPU.Build.0 = Release|Any CPU
		{AED3A160-AC83-4EEB-9374-9261F02BF6F1}.Debug|Any CPU.ActiveCfg = Debug|Any CPU
		{AED3A160-AC83-4EEB-9374-9261F02BF6F1}.Debug|Any CPU.Build.0 = Debug|Any CPU
		{AED3A160-AC83-4EEB-9374-9261F02BF6F1}.Release|Any CPU.ActiveCfg = Release|Any CPU
		{AED3A160-AC83-4EEB-9374-9261F02BF6F1}.Release|Any CPU.Build.0 = Release|Any CPU
	EndGlobalSection
	GlobalSection(SolutionProperties) = preSolution
		HideSolutionNode = FALSE
	EndGlobalSection
	GlobalSection(NestedProjects) = preSolution
		{1DF59DC5-FD79-4A26-936A-72495D26C68A} = {8CC7B7B0-28DE-401D-870C-B52BB888D0FF}
		{34B3099E-5755-45AB-83CB-2D36EFF575EE} = {1DF59DC5-FD79-4A26-936A-72495D26C68A}
		{7FD9A6A3-4DBF-445D-B046-E28BB655080F} = {8CC7B7B0-28DE-401D-870C-B52BB888D0FF}
		{5067CE82-9490-47C6-A5F1-0E840AD06ADA} = {7FD9A6A3-4DBF-445D-B046-E28BB655080F}
		{6859388A-0125-4A20-BCB1-36E89AE9FD3A} = {1EB4502F-23FE-415F-BEB3-002EF6FCA649}
		{AED3A160-AC83-4EEB-9374-9261F02BF6F1} = {6859388A-0125-4A20-BCB1-36E89AE9FD3A}
	EndGlobalSection
	GlobalSection(ExtensibilityGlobals) = postSolution
		SolutionGuid = {EB1FF77C-9D4D-4088-906B-C3EA009D7820}
	EndGlobalSection
EndGlobal
